{
  "name": "daeflor-apple-song-scraper",
  "version": "0.0.1",
  "lockfileVersion": 3,
  "requires": true,
  "packages": {
    "": {
      "name": "daeflor-apple-song-scraper",
      "version": "0.0.1",
      "dependencies": {
        "dotenv": "^16.6.1",
        "jose": "^6.1.3"
      }
    },
    "node_modules/dotenv": {
      "version": "16.6.1",
      "resolved": "https://registry.npmjs.org/dotenv/-/dotenv-16.6.1.tgz",
      "integrity": "sha512-uBq4egWHTcTt33a72vpSG0z3HnPuIl6NqYcTrKEg2azoEyl2hpW0zqlxysq2pK9HlDIHyHyakeYaYnSAwd8bow==",
      "license": "BSD-2-Clause",
      "engines": {
        "node": ">=12"
      },
      "funding": {
        "url": "https://dotenvx.com"
      }
    },
    "node_modules/jose": {
      "version": "6.1.3",
      "resolved": "https://registry.npmjs.org/jose/-/jose-6.1.3.tgz",
      "integrity": "sha512-0TpaTfihd4QMNwrz/ob2Bp7X04yuxJkjRGi4aKmOqwhov54i6u79oCv7T+C7lo70MKH6BesI3vscD1yb/yzKXQ==",
      "license": "MIT",
      "funding": {
        "url": "https://github.com/sponsors/panva"
      }
    }
  }
}
